
Microsoft Visual Studio Solution File, Format Version 12.00
# Visual Studio 14
VisualStudioVersion = 14.0.25420.1
MinimumVisualStudioVersion = 10.0.40219.1
Project("{2150E333-8FDC-42A3-9474-1A3956D46DE8}") = "src", "src", "{3CA4945C-869F-44FB-BBE0-9C470DC6E675}"
EndProject
Project("{2150E333-8FDC-42A3-9474-1A3956D46DE8}") = "Solution Items", "Solution Items", "{42D14058-8032-4459-8050-89B6315C7301}"
	ProjectSection(SolutionItems) = preProject
		global.json = global.json
		NuGet.config = NuGet.config
	EndProjectSection
EndProject
Project("{8BB2217D-0F2D-49D1-97BC-3654ED321F3B}") = "channels-repro", "src\channels-repro\channels-repro.xproj", "{14FABDD6-1ED5-4DC4-9A6D-996AF52F7C13}"
EndProject
Global
	GlobalSection(SolutionConfigurationPlatforms) = preSolution
		Debug|Any CPU = Debug|Any CPU
		Release|Any CPU = Release|Any CPU
	EndGlobalSection
	GlobalSection(ProjectConfigurationPlatforms) = postSolution
		{14FABDD6-1ED5-4DC4-9A6D-996AF52F7C13}.Debug|Any CPU.ActiveCfg = Debug|Any CPU
		{14FABDD6-1ED5-4DC4-9A6D-996AF52F7C13}.Debug|Any CPU.Build.0 = Debug|Any CPU
		{14FABDD6-1ED5-4DC4-9A6D-996AF52F7C13}.Release|Any CPU.ActiveCfg = Release|Any CPU
		{14FABDD6-1ED5-4DC4-9A6D-996AF52F7C13}.Release|Any CPU.Build.0 = Release|Any CPU
	EndGlobalSection
	GlobalSection(SolutionProperties) = preSolution
		HideSolutionNode = FALSE
	EndGlobalSection
	GlobalSection(NestedProjects) = preSolution
		{14FABDD6-1ED5-4DC4-9A6D-996AF52F7C13} = {3CA4945C-869F-44FB-BBE0-9C470DC6E675}
	EndGlobalSection
EndGlobal
